
Microsoft Visual Studio Solution File, Format Version 12.00
# Visual Studio Express 2012 for Windows Desktop
Project("{FAE04EC0-301F-11D3-BF4B-00C04F79EFBC}") = "NoSleep", "NoSleep\NoSleep.csproj", "{EB2E4C1A-5A5A-437E-B235-A67D9EDD48EE}"
EndProject
Global
	GlobalSection(SolutionConfigurationPlatforms) = preSolution
		Debug|Any CPU = Debug|Any CPU
		Release|Any CPU = Release|Any CPU
	EndGlobalSection
	GlobalSection(ProjectConfigurationPlatforms) = postSolution
		{EB2E4C1A-5A5A-437E-B235-A67D9EDD48EE}.Debug|Any CPU.ActiveCfg = Debug|Any CPU
		{EB2E4C1A-5A5A-437E-B235-A67D9EDD48EE}.Debug|Any CPU.Build.0 = Debug|Any CPU
		{EB2E4C1A-5A5A-437E-B235-A67D9EDD48EE}.Release|Any CPU.ActiveCfg = Release|Any CPU
		{EB2E4C1A-5A5A-437E-B235-A67D9EDD48EE}.Release|Any CPU.Build.0 = Release|Any CPU
	EndGlobalSection
	GlobalSection(SolutionProperties) = preSolution
		HideSolutionNode = FALSE
	EndGlobalSection
EndGlobal
